# THIS IS AN AUTOGENERATED FILE. DO NOT EDIT THIS FILE DIRECTLY.
# yarn lockfile v1


"@wowts/ace_db-3.0@^1.3.0":
  version "1.3.0"
  resolved "https://registry.yarnpkg.com/@wowts/ace_db-3.0/-/ace_db-3.0-1.3.0.tgz#9a4f5c86987b98899a06822f9dac80e5fe34aae2"
  integrity sha512-sKWZ2GsVT/1/valhLzwwdE2BWpPhmJJghO9B1HQ4VflGkyeDuWOjF2fTuraKyTXTWUxr4qI08z62k1EcVRiH7g==
  dependencies:
    "@wowts/lua" "^1.3.0"
    "@wowts/tslib" "^1.1.0"

"@wowts/lua@^1.3.0":
  version "1.5.0"
  resolved "https://registry.yarnpkg.com/@wowts/lua/-/lua-1.5.0.tgz#f4e0acfe38dc12992d8f2fa86de84a9e78453df9"
  integrity sha512-s0DpLsA9TZNbhPM84CmAedq6oDbTl0HurR6IHHk17ypMR5dgs3/LNJrTz0NemGOy8vsrb5wk50xZhJl/SS+Ljg==

"@wowts/tslib@^1.1.0":
  version "1.1.0"
  resolved "https://registry.yarnpkg.com/@wowts/tslib/-/tslib-1.1.0.tgz#f6582d3d617cbf28c8b3f781d6e9aa5c1cc4a939"
  integrity sha512-fvtaNOKeSf5FbMXqjwXfajefsbd+hQDd7mTatG93eC7QsIBFvgvHSqCPxWxIsVOZkjxrhdPhGwxaUx0uAXaD+Q==
  dependencies:
    "@wowts/lua" "^1.3.0"

typescript@^4.1.2:
  version "4.1.2"
  resolved "https://registry.yarnpkg.com/typescript/-/typescript-4.1.2.tgz#6369ef22516fe5e10304aae5a5c4862db55380e9"
  integrity sha512-thGloWsGH3SOxv1SoY7QojKi0tc+8FnOmiarEGMbd/lar7QOEd3hvlx3Fp5y6FlDUGl9L+pd4n2e+oToGMmhRQ==
