# THIS IS AN AUTOGENERATED FILE. DO NOT EDIT THIS FILE DIRECTLY.
# yarn lockfile v1


"@wowts/ace_db-3.0@^1.0.0":
  version "1.0.0"
  resolved "https://registry.yarnpkg.com/@wowts/ace_db-3.0/-/ace_db-3.0-1.0.0.tgz#e251bbf35e474a29a9d6e1b15d2bebdaff632a25"
  dependencies:
    "@wowts/lua" "^1.0.3"
    "@wowts/tslib" "^1.0.0"

"@wowts/lua@^1.0.3":
  version "1.0.3"
  resolved "https://registry.yarnpkg.com/@wowts/lua/-/lua-1.0.3.tgz#3e75d1ad1dac3095021d24e4a3a319dc27a7bbc8"

"@wowts/tslib@^1.0.0":
  version "1.0.0"
  resolved "https://registry.yarnpkg.com/@wowts/tslib/-/tslib-1.0.0.tgz#278bf29a3fbb955e19f612fcf10908183f82fea0"
  dependencies:
    "@wowts/lua" "^1.0.3"

typescript@^2.5.3:
  version "2.5.3"
  resolved "https://registry.yarnpkg.com/typescript/-/typescript-2.5.3.tgz#df3dcdc38f3beb800d4bc322646b04a3f6ca7f0d"
